
Microsoft Visual Studio Solution File, Format Version 12.00
# Visual Studio Version 17
VisualStudioVersion = 17.14.36616.10 d17.14
MinimumVisualStudioVersion = 10.0.40219.1
Project("{FAE04EC0-301F-11D3-BF4B-00C04F79EFBC}") = "personaapi-dotnet", "personaapi-dotnet\personaapi-dotnet.csproj", "{C425894C-E5DA-408D-ADA1-D1C49358543F}"
EndProject
Global
	GlobalSection(SolutionConfigurationPlatforms) = preSolution
		Debug|Any CPU = Debug|Any CPU
		Release|Any CPU = Release|Any CPU
	EndGlobalSection
	GlobalSection(ProjectConfigurationPlatforms) = postSolution
		{C425894C-E5DA-408D-ADA1-D1C49358543F}.Debug|Any CPU.ActiveCfg = Debug|Any CPU
		{C425894C-E5DA-408D-ADA1-D1C49358543F}.Debug|Any CPU.Build.0 = Debug|Any CPU
		{C425894C-E5DA-408D-ADA1-D1C49358543F}.Release|Any CPU.ActiveCfg = Release|Any CPU
		{C425894C-E5DA-408D-ADA1-D1C49358543F}.Release|Any CPU.Build.0 = Release|Any CPU
	EndGlobalSection
	GlobalSection(SolutionProperties) = preSolution
		HideSolutionNode = FALSE
	EndGlobalSection
	GlobalSection(ExtensibilityGlobals) = postSolution
		SolutionGuid = {D4260CA2-DA74-48E8-BB58-5CFCCA048668}
	EndGlobalSection
EndGlobal
